// !$*UTF8*$!
{
	archiveVersion = 1;
	classes = {
	};
	objectVersion = 55;
	objects = {

/* Begin PBXBuildFile section */
		0C6517B22A1435FB00087BB2 /* recurrentExpenses.swift in Sources */ = {isa = PBXBuildFile; fileRef = 0C6517B12A1435FB00087BB2 /* recurrentExpenses.swift */; };
		0C6517B42B577DAA00087BB2 /* validation.swift in Sources */ = {isa = PBXBuildFile; fileRef = 0C6517B32B577DAA00087BB2 /* validation.swift */; };
		0C6517B62B577DAA00087BB2 /* GridView.swift in Sources */ = {isa = PBXBuildFile; fileRef = 0C6517B52B577DAA00087BB2 /* GridView.swift */; };
		0C7752712A23305B00D91E90 /* BulkDataInsert.swift in Sources */ = {isa = PBXBuildFile; fileRef = 0C7752702A23305B00D91E90 /* BulkDataInsert.swift */; };
		0C79AC912A0C40F4000EAD0C /* ExpenseTrackerNewApp.swift in Sources */ = {isa = PBXBuildFile; fileRef = 0C79AC902A0C40F4000EAD0C /* ExpenseTrackerNewApp.swift */; };
		0C79AC932A0C40F4000EAD0C /* ContentView.swift in Sources */ = {isa = PBXBuildFile; fileRef = 0C79AC922A0C40F4000EAD0C /* ContentView.swift */; };
		0C79AC952A0C40F8000EAD0C /* Assets.xcassets in Resources */ = {isa = PBXBuildFile; fileRef = 0C79AC942A0C40F8000EAD0C /* Assets.xcassets */; };
		0C79AC982A0C40F8000EAD0C /* Preview Assets.xcassets in Resources */ = {isa = PBXBuildFile; fileRef = 0C79AC972A0C40F8000EAD0C /* Preview Assets.xcassets */; };
		0C79ACA22A0C40F8000EAD0C /* ExpenseTrackerNewTests.swift in Sources */ = {isa = PBXBuildFile; fileRef = 0C79ACA12A0C40F8000EAD0C /* ExpenseTrackerNewTests.swift */; };
		0C79ACAC2A0C40F8000EAD0C /* ExpenseTrackerNewUITests.swift in Sources */ = {isa = PBXBuildFile; fileRef = 0C79ACAB2A0C40F8000EAD0C /* ExpenseTrackerNewUITests.swift */; };
		0C79ACAE2A0C40F8000EAD0C /* ExpenseTrackerNewUITestsLaunchTests.swift in Sources */ = {isa = PBXBuildFile; fileRef = 0C79ACAD2A0C40F8000EAD0C /* ExpenseTrackerNewUITestsLaunchTests.swift */; };
		0C79ACBE2A0C47E1000EAD0C /* Expense.xcdatamodeld in Sources */ = {isa = PBXBuildFile; fileRef = 0C79ACBC2A0C47E1000EAD0C /* Expense.xcdatamodeld */; };
		0C79ACC02A0C4891000EAD0C /* DataController.swift in Sources */ = {isa = PBXBuildFile; fileRef = 0C79ACBF2A0C4891000EAD0C /* DataController.swift */; };
		0C79ACC22A0C49E2000EAD0C /* CreateExpense.swift in Sources */ = {isa = PBXBuildFile; fileRef = 0C79ACC12A0C49E2000EAD0C /* CreateExpense.swift */; };
		0C79ACC42A0C5CCA000EAD0C /* HomePage.swift in Sources */ = {isa = PBXBuildFile; fileRef = 0C79ACC32A0C5CCA000EAD0C /* HomePage.swift */; };
		0C79ACC82A0E6D77000EAD0C /* UpdateExpense.swift in Sources */ = {isa = PBXBuildFile; fileRef = 0C79ACC72A0E6D77000EAD0C /* UpdateExpense.swift */; };
		0C79ACCB2A11E062000EAD0C /* PaidExpenses.swift in Sources */ = {isa = PBXBuildFile; fileRef = 0C79ACCA2A11E061000EAD0C /* PaidExpenses.swift */; };
		0C79ACCD2A11E07B000EAD0C /* PendingExpenses.swift in Sources */ = {isa = PBXBuildFile; fileRef = 0C79ACCC2A11E07B000EAD0C /* PendingExpenses.swift */; };
		0CD85CEF2A178ADE0083945E /* ListView.swift in Sources */ = {isa = PBXBuildFile; fileRef = 0CD85CEE2A178ADE0083945E /* ListView.swift */; };
		0CD85CF12A17B3150083945E /* GridPaid.swift in Sources */ = {isa = PBXBuildFile; fileRef = 0CD85CF02A17B3150083945E /* GridPaid.swift */; };
		0CD85CF32A17B32B0083945E /* GridPending.swift in Sources */ = {isa = PBXBuildFile; fileRef = 0CD85CF22A17B32B0083945E /* GridPending.swift */; };
		0CD85CF52B599C930083945E /* ChartView.swift in Sources */ = {isa = PBXBuildFile; fileRef = 0CD85CF42B599C930083945E /* ChartView.swift */; };
		0CD85CF72B599C930083945E /* EachGrid.swift in Sources */ = {isa = PBXBuildFile; fileRef = 0CD85CF62B599C930083945E /* EachGrid.swift */; };
/* End PBXBuildFile section */

/* Begin PBXContainerItemProxy section */
		0C79AC9E2A0C40F8000EAD0C /* PBXContainerItemProxy */ = {
			isa = PBXContainerItemProxy;
			containerPortal = 0C79AC852A0C40F4000EAD0C /* Project object */;
			proxyType = 1;
			remoteGlobalIDString = 0C79AC8C2A0C40F4000EAD0C;
			remoteInfo = ExpenseTrackerNew;
		};
		0C79ACA82A0C40F8000EAD0C /* PBXContainerItemProxy */ = {
			isa = PBXContainerItemProxy;
			containerPortal = 0C79AC852A0C40F4000EAD0C /* Project object */;
			proxyType = 1;
			remoteGlobalIDString = 0C79AC8C2A0C40F4000EAD0C;
			remoteInfo = ExpenseTrackerNew;
		};
/* End PBXContainerItemProxy section */

/* Begin PBXFileReference section */
		0C6517B12A1435FB00087BB2 /* recurrentExpenses.swift */ = {isa = PBXFileReference; lastKnownFileType = sourcecode.swift; path = recurrentExpenses.swift; sourceTree = "<group>"; };
		0C6517B32B577DAA00087BB2 /* validation.swift */ = {isa = PBXFileReference; lastKnownFileType = sourcecode.swift; path = validation.swift; sourceTree = "<group>"; };
		0C6517B52B577DAA00087BB2 /* GridView.swift */ = {isa = PBXFileReference; lastKnownFileType = sourcecode.swift; path = GridView.swift; sourceTree = "<group>"; };
		0C7752702A23305B00D91E90 /* BulkDataInsert.swift */ = {isa = PBXFileReference; lastKnownFileType = sourcecode.swift; path = BulkDataInsert.swift; sourceTree = "<group>"; };
		0C79AC8D2A0C40F4000EAD0C /* ExpenseTrackerNew.app */ = {isa = PBXFileReference; explicitFileType = wrapper.application; includeInIndex = 0; path = ExpenseTrackerNew.app; sourceTree = BUILT_PRODUCTS_DIR; };
		0C79AC902A0C40F4000EAD0C /* ExpenseTrackerNewApp.swift */ = {isa = PBXFileReference; lastKnownFileType = sourcecode.swift; path = ExpenseTrackerNewApp.swift; sourceTree = "<group>"; };
		0C79AC922A0C40F4000EAD0C /* ContentView.swift */ = {isa = PBXFileReference; lastKnownFileType = sourcecode.swift; path = ContentView.swift; sourceTree = "<group>"; };
		0C79AC942A0C40F8000EAD0C /* Assets.xcassets */ = {isa = PBXFileReference; lastKnownFileType = folder.assetcatalog; path = Assets.xcassets; sourceTree = "<group>"; };
		0C79AC972A0C40F8000EAD0C /* Preview Assets.xcassets */ = {isa = PBXFileReference; lastKnownFileType = folder.assetcatalog; path = "Preview Assets.xcassets"; sourceTree = "<group>"; };
		0C79AC9D2A0C40F8000EAD0C /* ExpenseTrackerNewTests.xctest */ = {isa = PBXFileReference; explicitFileType = wrapper.cfbundle; includeInIndex = 0; path = ExpenseTrackerNewTests.xctest; sourceTree = BUILT_PRODUCTS_DIR; };
		0C79ACA12A0C40F8000EAD0C /* ExpenseTrackerNewTests.swift */ = {isa = PBXFileReference; lastKnownFileType = sourcecode.swift; path = ExpenseTrackerNewTests.swift; sourceTree = "<group>"; };
		0C79ACA72A0C40F8000EAD0C /* ExpenseTrackerNewUITests.xctest */ = {isa = PBXFileReference; explicitFileType = wrapper.cfbundle; includeInIndex = 0; path = ExpenseTrackerNewUITests.xctest; sourceTree = BUILT_PRODUCTS_DIR; };
		0C79ACAB2A0C40F8000EAD0C /* ExpenseTrackerNewUITests.swift */ = {isa = PBXFileReference; lastKnownFileType = sourcecode.swift; path = ExpenseTrackerNewUITests.swift; sourceTree = "<group>"; };
		0C79ACAD2A0C40F8000EAD0C /* ExpenseTrackerNewUITestsLaunchTests.swift */ = {isa = PBXFileReference; lastKnownFileType = sourcecode.swift; path = ExpenseTrackerNewUITestsLaunchTests.swift; sourceTree = "<group>"; };
		0C79ACBD2A0C47E1000EAD0C /* Expense.xcdatamodel */ = {isa = PBXFileReference; lastKnownFileType = wrapper.xcdatamodel; path = Expense.xcdatamodel; sourceTree = "<group>"; };
		0C79ACBF2A0C4891000EAD0C /* DataController.swift */ = {isa = PBXFileReference; lastKnownFileType = sourcecode.swift; path = DataController.swift; sourceTree = "<group>"; };
		0C79ACC12A0C49E2000EAD0C /* CreateExpense.swift */ = {isa = PBXFileReference; lastKnownFileType = sourcecode.swift; path = CreateExpense.swift; sourceTree = "<group>"; };
		0C79ACC32A0C5CCA000EAD0C /* HomePage.swift */ = {isa = PBXFileReference; lastKnownFileType = sourcecode.swift; path = HomePage.swift; sourceTree = "<group>"; };
		0C79ACC72A0E6D77000EAD0C /* UpdateExpense.swift */ = {isa = PBXFileReference; lastKnownFileType = sourcecode.swift; path = UpdateExpense.swift; sourceTree = "<group>"; };
		0C79ACCA2A11E061000EAD0C /* PaidExpenses.swift */ = {isa = PBXFileReference; lastKnownFileType = sourcecode.swift; path = PaidExpenses.swift; sourceTree = "<group>"; };
		0C79ACCC2A11E07B000EAD0C /* PendingExpenses.swift */ = {isa = PBXFileReference; lastKnownFileType = sourcecode.swift; path = PendingExpenses.swift; sourceTree = "<group>"; };
		0CD85CEE2A178ADE0083945E /* ListView.swift */ = {isa = PBXFileReference; lastKnownFileType = sourcecode.swift; path = ListView.swift; sourceTree = "<group>"; };
		0CD85CF02A17B3150083945E /* GridPaid.swift */ = {isa = PBXFileReference; lastKnownFileType = sourcecode.swift; path = GridPaid.swift; sourceTree = "<group>"; };
		0CD85CF22A17B32B0083945E /* GridPending.swift */ = {isa = PBXFileReference; lastKnownFileType = sourcecode.swift; path = GridPending.swift; sourceTree = "<group>"; };
		0CD85CF42B599C930083945E /* ChartView.swift */ = {isa = PBXFileReference; lastKnownFileType = sourcecode.swift; path = ChartView.swift; sourceTree = "<group>"; };
		0CD85CF62B599C930083945E /* EachGrid.swift */ = {isa = PBXFileReference; lastKnownFileType = sourcecode.swift; path = EachGrid.swift; sourceTree = "<group>"; };
/* End PBXFileReference section */

/* Begin PBXFrameworksBuildPhase section */
		0C79AC8A2A0C40F4000EAD0C /* Frameworks */ = {
			isa = PBXFrameworksBuildPhase;
			buildActionMask = 2147483647;
			files = (
			);
			runOnlyForDeploymentPostprocessing = 0;
		};
		0C79AC9A2A0C40F8000EAD0C /* Frameworks */ = {
			isa = PBXFrameworksBuildPhase;
			buildActionMask = 2147483647;
			files = (
			);
			runOnlyForDeploymentPostprocessing = 0;
		};
		0C79ACA42A0C40F8000EAD0C /* Frameworks */ = {
			isa = PBXFrameworksBuildPhase;
			buildActionMask = 2147483647;
			files = (
			);
			runOnlyForDeploymentPostprocessing = 0;
		};
/* End PBXFrameworksBuildPhase section */

/* Begin PBXGroup section */
		0C6517B02A14358400087BB2 /* Helper functions */ = {
			isa = PBXGroup;
			children = (
				0C6517B12A1435FB00087BB2 /* recurrentExpenses.swift */,
				0C6517B32B577DAA00087BB2 /* validation.swift */,
			);
			path = "Helper functions";
			sourceTree = "<group>";
		};
		0C79AC842A0C40F4000EAD0C = {
			isa = PBXGroup;
			children = (
				0C79AC8F2A0C40F4000EAD0C /* ExpenseTrackerNew */,
				0C79ACA02A0C40F8000EAD0C /* ExpenseTrackerNewTests */,
				0C79ACAA2A0C40F8000EAD0C /* ExpenseTrackerNewUITests */,
				0C79AC8E2A0C40F4000EAD0C /* Products */,
			);
			sourceTree = "<group>";
		};
		0C79AC8E2A0C40F4000EAD0C /* Products */ = {
			isa = PBXGroup;
			children = (
				0C79AC8D2A0C40F4000EAD0C /* ExpenseTrackerNew.app */,
				0C79AC9D2A0C40F8000EAD0C /* ExpenseTrackerNewTests.xctest */,
				0C79ACA72A0C40F8000EAD0C /* ExpenseTrackerNewUITests.xctest */,
			);
			name = Products;
			sourceTree = "<group>";
		};
		0C79AC8F2A0C40F4000EAD0C /* ExpenseTrackerNew */ = {
			isa = PBXGroup;
			children = (
				0C6517B02A14358400087BB2 /* Helper functions */,
				0C79ACC92A11E035000EAD0C /* Helpers */,
				0C79ACBB2A0C47B8000EAD0C /* Views */,
				0C79ACBA2A0C47AF000EAD0C /* Model */,
				0C79AC902A0C40F4000EAD0C /* ExpenseTrackerNewApp.swift */,
				0C79AC922A0C40F4000EAD0C /* ContentView.swift */,
				0C79AC942A0C40F8000EAD0C /* Assets.xcassets */,
				0C79AC962A0C40F8000EAD0C /* Preview Content */,
			);
			path = ExpenseTrackerNew;
			sourceTree = "<group>";
		};
		0C79AC962A0C40F8000EAD0C /* Preview Content */ = {
			isa = PBXGroup;
			children = (
				0C79AC972A0C40F8000EAD0C /* Preview Assets.xcassets */,
			);
			path = "Preview Content";
			sourceTree = "<group>";
		};
		0C79ACA02A0C40F8000EAD0C /* ExpenseTrackerNewTests */ = {
			isa = PBXGroup;
			children = (
				0C79ACA12A0C40F8000EAD0C /* ExpenseTrackerNewTests.swift */,
			);
			path = ExpenseTrackerNewTests;
			sourceTree = "<group>";
		};
		0C79ACAA2A0C40F8000EAD0C /* ExpenseTrackerNewUITests */ = {
			isa = PBXGroup;
			children = (
				0C79ACAB2A0C40F8000EAD0C /* ExpenseTrackerNewUITests.swift */,
				0C79ACAD2A0C40F8000EAD0C /* ExpenseTrackerNewUITestsLaunchTests.swift */,
			);
			path = ExpenseTrackerNewUITests;
			sourceTree = "<group>";
		};
		0C79ACBA2A0C47AF000EAD0C /* Model */ = {
			isa = PBXGroup;
			children = (
				0C79ACBC2A0C47E1000EAD0C /* Expense.xcdatamodeld */,
				0C79ACBF2A0C4891000EAD0C /* DataController.swift */,
			);
			path = Model;
			sourceTree = "<group>";
		};
		0C79ACBB2A0C47B8000EAD0C /* Views */ = {
			isa = PBXGroup;
			children = (
				0C79ACC12A0C49E2000EAD0C /* CreateExpense.swift */,
				0C79ACC32A0C5CCA000EAD0C /* HomePage.swift */,
				0CD85CEE2A178ADE0083945E /* ListView.swift */,
				0C79ACC72A0E6D77000EAD0C /* UpdateExpense.swift */,
				0C6517B52B577DAA00087BB2 /* GridView.swift */,
				0CD85CF42B599C930083945E /* ChartView.swift */,
			);
			path = Views;
			sourceTree = "<group>";
		};
		0C79ACC92A11E035000EAD0C /* Helpers */ = {
			isa = PBXGroup;
			children = (
				0C79ACCA2A11E061000EAD0C /* PaidExpenses.swift */,
				0C79ACCC2A11E07B000EAD0C /* PendingExpenses.swift */,
				0CD85CF02A17B3150083945E /* GridPaid.swift */,
				0CD85CF22A17B32B0083945E /* GridPending.swift */,
				0CD85CF62B599C930083945E /* EachGrid.swift */,
				0C7752702A23305B00D91E90 /* BulkDataInsert.swift */,
			);
			path = Helpers;
			sourceTree = "<group>";
		};
/* End PBXGroup section */

/* Begin PBXNativeTarget section */
		0C79AC8C2A0C40F4000EAD0C /* ExpenseTrackerNew */ = {
			isa = PBXNativeTarget;
			buildConfigurationList = 0C79ACB12A0C40F8000EAD0C /* Build configuration list for PBXNativeTarget "ExpenseTrackerNew" */;
			buildPhases = (
				0C79AC892A0C40F4000EAD0C /* Sources */,
				0C79AC8A2A0C40F4000EAD0C /* Frameworks */,
				0C79AC8B2A0C40F4000EAD0C /* Resources */,
			);
			buildRules = (
			);
			dependencies = (
			);
			name = ExpenseTrackerNew;
			packageProductDependencies = (
			);
			productName = ExpenseTrackerNew;
			productReference = 0C79AC8D2A0C40F4000EAD0C /* ExpenseTrackerNew.app */;
			productType = "com.apple.product-type.application";
		};
		0C79AC9C2A0C40F8000EAD0C /* ExpenseTrackerNewTests */ = {
			isa = PBXNativeTarget;
			buildConfigurationList = 0C79ACB42A0C40F8000EAD0C /* Build configuration list for PBXNativeTarget "ExpenseTrackerNewTests" */;
			buildPhases = (
				0C79AC992A0C40F8000EAD0C /* Sources */,
				0C79AC9A2A0C40F8000EAD0C /* Frameworks */,
				0C79AC9B2A0C40F8000EAD0C /* Resources */,
			);
			buildRules = (
			);
			dependencies = (
				0C79AC9F2A0C40F8000EAD0C /* PBXTargetDependency */,
			);
			name = ExpenseTrackerNewTests;
			productName = ExpenseTrackerNewTests;
			productReference = 0C79AC9D2A0C40F8000EAD0C /* ExpenseTrackerNewTests.xctest */;
			productType = "com.apple.product-type.bundle.unit-test";
		};
		0C79ACA62A0C40F8000EAD0C /* ExpenseTrackerNewUITests */ = {
			isa = PBXNativeTarget;
			buildConfigurationList = 0C79ACB72A0C40F8000EAD0C /* Build configuration list for PBXNativeTarget "ExpenseTrackerNewUITests" */;
			buildPhases = (
				0C79ACA32A0C40F8000EAD0C /* Sources */,
				0C79ACA42A0C40F8000EAD0C /* Frameworks */,
				0C79ACA52A0C40F8000EAD0C /* Resources */,
			);
			buildRules = (
			);
			dependencies = (
				0C79ACA92A0C40F8000EAD0C /* PBXTargetDependency */,
			);
			name = ExpenseTrackerNewUITests;
			productName = ExpenseTrackerNewUITests;
			productReference = 0C79ACA72A0C40F8000EAD0C /* ExpenseTrackerNewUITests.xctest */;
			productType = "com.apple.product-type.bundle.ui-testing";
		};
/* End PBXNativeTarget section */

/* Begin PBXProject section */
		0C79AC852A0C40F4000EAD0C /* Project object */ = {
			isa = PBXProject;
			attributes = {
				BuildIndependentTargetsInParallel = 1;
				LastSwiftUpdateCheck = 1340;
				LastUpgradeCheck = 1340;
				TargetAttributes = {
					0C79AC8C2A0C40F4000EAD0C = {
						CreatedOnToolsVersion = 13.4;
					};
					0C79AC9C2A0C40F8000EAD0C = {
						CreatedOnToolsVersion = 13.4;
						TestTargetID = 0C79AC8C2A0C40F4000EAD0C;
					};
					0C79ACA62A0C40F8000EAD0C = {
						CreatedOnToolsVersion = 13.4;
						TestTargetID = 0C79AC8C2A0C40F4000EAD0C;
					};
				};
			};
			buildConfigurationList = 0C79AC882A0C40F4000EAD0C /* Build configuration list for PBXProject "ExpenseTrackerNew" */;
			compatibilityVersion = "Xcode 13.0";
			developmentRegion = en;
			hasScannedForEncodings = 0;
			knownRegions = (
				en,
				Base,
			);
			mainGroup = 0C79AC842A0C40F4000EAD0C;
			packageReferences = (
			);
			productRefGroup = 0C79AC8E2A0C40F4000EAD0C /* Products */;
			projectDirPath = "";
			projectRoot = "";
			targets = (
				0C79AC8C2A0C40F4000EAD0C /* ExpenseTrackerNew */,
				0C79AC9C2A0C40F8000EAD0C /* ExpenseTrackerNewTests */,
				0C79ACA62A0C40F8000EAD0C /* ExpenseTrackerNewUITests */,
			);
		};
/* End PBXProject section */

/* Begin PBXResourcesBuildPhase section */
		0C79AC8B2A0C40F4000EAD0C /* Resources */ = {
			isa = PBXResourcesBuildPhase;
			buildActionMask = 2147483647;
			files = (
				0C79AC982A0C40F8000EAD0C /* Preview Assets.xcassets in Resources */,
				0C79AC952A0C40F8000EAD0C /* Assets.xcassets in Resources */,
			);
			runOnlyForDeploymentPostprocessing = 0;
		};
		0C79AC9B2A0C40F8000EAD0C /* Resources */ = {
			isa = PBXResourcesBuildPhase;
			buildActionMask = 2147483647;
			files = (
			);
			runOnlyForDeploymentPostprocessing = 0;
		};
		0C79ACA52A0C40F8000EAD0C /* Resources */ = {
			isa = PBXResourcesBuildPhase;
			buildActionMask = 2147483647;
			files = (
			);
			runOnlyForDeploymentPostprocessing = 0;
		};
/* End PBXResourcesBuildPhase section */

/* Begin PBXSourcesBuildPhase section */
		0C79AC892A0C40F4000EAD0C /* Sources */ = {
			isa = PBXSourcesBuildPhase;
			buildActionMask = 2147483647;
			files = (
				0C79AC932A0C40F4000EAD0C /* ContentView.swift in Sources */,
				0CD85CF72B599C930083945E /* EachGrid.swift in Sources */,
				0CD85CEF2A178ADE0083945E /* ListView.swift in Sources */,
				0C79ACC42A0C5CCA000EAD0C /* HomePage.swift in Sources */,
				0C79ACCD2A11E07B000EAD0C /* PendingExpenses.swift in Sources */,
				0C79ACC02A0C4891000EAD0C /* DataController.swift in Sources */,
				0C79ACC82A0E6D77000EAD0C /* UpdateExpense.swift in Sources */,
				0C79AC912A0C40F4000EAD0C /* ExpenseTrackerNewApp.swift in Sources */,
				0CD85CF52B599C930083945E /* ChartView.swift in Sources */,
				0CD85CF12A17B3150083945E /* GridPaid.swift in Sources */,
				0C79ACC22A0C49E2000EAD0C /* CreateExpense.swift in Sources */,
				0C6517B42B577DAA00087BB2 /* validation.swift in Sources */,
				0C79ACCB2A11E062000EAD0C /* PaidExpenses.swift in Sources */,
				0C79ACBE2A0C47E1000EAD0C /* Expense.xcdatamodeld in Sources */,
				0C7752712A23305B00D91E90 /* BulkDataInsert.swift in Sources */,
				0CD85CF32A17B32B0083945E /* GridPending.swift in Sources */,
				0C6517B62B577DAA00087BB2 /* GridView.swift in Sources */,
				0C6517B22A1435FB00087BB2 /* recurrentExpenses.swift in Sources */,
			);
			runOnlyForDeploymentPostprocessing = 0;
		};
		0C79AC992A0C40F8000EAD0C /* Sources */ = {
			isa = PBXSourcesBuildPhase;
			buildActionMask = 2147483647;
			files = (
				0C79ACA22A0C40F8000EAD0C /* ExpenseTrackerNewTests.swift in Sources */,
			);
			runOnlyForDeploymentPostprocessing = 0;
		};
		0C79ACA32A0C40F8000EAD0C /* Sources */ = {
			isa = PBXSourcesBuildPhase;
			buildActionMask = 2147483647;
			files = (
				0C79ACAC2A0C40F8000EAD0C /* ExpenseTrackerNewUITests.swift in Sources */,
				0C79ACAE2A0C40F8000EAD0C /* ExpenseTrackerNewUITestsLaunchTests.swift in Sources */,
			);
			runOnlyForDeploymentPostprocessing = 0;
		};
/* End PBXSourcesBuildPhase section */

/* Begin PBXTargetDependency section */
		0C79AC9F2A0C40F8000EAD0C /* PBXTargetDependency */ = {
			isa = PBXTargetDependency;
			target = 0C79AC8C2A0C40F4000EAD0C /* ExpenseTrackerNew */;
			targetProxy = 0C79AC9E2A0C40F8000EAD0C /* PBXContainerItemProxy */;
		};
		0C79ACA92A0C40F8000EAD0C /* PBXTargetDependency */ = {
			isa = PBXTargetDependency;
			target = 0C79AC8C2A0C40F4000EAD0C /* ExpenseTrackerNew */;
			targetProxy = 0C79ACA82A0C40F8000EAD0C /* PBXContainerItemProxy */;
		};
/* End PBXTargetDependency section */

/* Begin XCBuildConfiguration section */
		0C79ACAF2A0C40F8000EAD0C /* Debug */ = {
			isa = XCBuildConfiguration;
			buildSettings = {
				ALWAYS_SEARCH_USER_PATHS = NO;
				CLANG_ANALYZER_NONNULL = YES;
				CLANG_ANALYZER_NUMBER_OBJECT_CONVERSION = YES_AGGRESSIVE;
				CLANG_CXX_LANGUAGE_STANDARD = "gnu++17";
				CLANG_ENABLE_MODULES = YES;
				CLANG_ENABLE_OBJC_ARC = YES;
				CLANG_ENABLE_OBJC_WEAK = YES;
				CLANG_WARN_BLOCK_CAPTURE_AUTORELEASING = YES;
				CLANG_WARN_BOOL_CONVERSION = YES;
				CLANG_WARN_COMMA = YES;
				CLANG_WARN_CONSTANT_CONVERSION = YES;
				CLANG_WARN_DEPRECATED_OBJC_IMPLEMENTATIONS = YES;
				CLANG_WARN_DIRECT_OBJC_ISA_USAGE = YES_ERROR;
				CLANG_WARN_DOCUMENTATION_COMMENTS = YES;
				CLANG_WARN_EMPTY_BODY = YES;
				CLANG_WARN_ENUM_CONVERSION = YES;
				CLANG_WARN_INFINITE_RECURSION = YES;
				CLANG_WARN_INT_CONVERSION = YES;
				CLANG_WARN_NON_LITERAL_NULL_CONVERSION = YES;
				CLANG_WARN_OBJC_IMPLICIT_RETAIN_SELF = YES;
				CLANG_WARN_OBJC_LITERAL_CONVERSION = YES;
				CLANG_WARN_OBJC_ROOT_CLASS = YES_ERROR;
				CLANG_WARN_QUOTED_INCLUDE_IN_FRAMEWORK_HEADER = YES;
				CLANG_WARN_RANGE_LOOP_ANALYSIS = YES;
				CLANG_WARN_STRICT_PROTOTYPES = YES;
				CLANG_WARN_SUSPICIOUS_MOVE = YES;
				CLANG_WARN_UNGUARDED_AVAILABILITY = YES_AGGRESSIVE;
				CLANG_WARN_UNREACHABLE_CODE = YES;
				CLANG_WARN__DUPLICATE_METHOD_MATCH = YES;
				COPY_PHASE_STRIP = NO;
				DEBUG_INFORMATION_FORMAT = dwarf;
				ENABLE_STRICT_OBJC_MSGSEND = YES;
				ENABLE_TESTABILITY = YES;
				GCC_C_LANGUAGE_STANDARD = gnu11;
				GCC_DYNAMIC_NO_PIC = NO;
				GCC_NO_COMMON_BLOCKS = YES;
				GCC_OPTIMIZATION_LEVEL = 0;
				GCC_PREPROCESSOR_DEFINITIONS = (
					"DEBUG=1",
					"$(inherited)",
				);
				GCC_WARN_64_TO_32_BIT_CONVERSION = YES;
				GCC_WARN_ABOUT_RETURN_TYPE = YES_ERROR;
				GCC_WARN_UNDECLARED_SELECTOR = YES;
				GCC_WARN_UNINITIALIZED_AUTOS = YES_AGGRESSIVE;
				GCC_WARN_UNUSED_FUNCTION = YES;
				GCC_WARN_UNUSED_VARIABLE = YES;
				IPHONEOS_DEPLOYMENT_TARGET = 15.5;
				MTL_ENABLE_DEBUG_INFO = INCLUDE_SOURCE;
				MTL_FAST_MATH = YES;
				ONLY_ACTIVE_ARCH = YES;
				SDKROOT = iphoneos;
				SWIFT_ACTIVE_COMPILATION_CONDITIONS = DEBUG;
				SWIFT_OPTIMIZATION_LEVEL = "-Onone";
			};
			name = Debug;
		};
		0C79ACB02A0C40F8000EAD0C /* Release */ = {
			isa = XCBuildConfiguration;
			buildSettings = {
				ALWAYS_SEARCH_USER_PATHS = NO;
				CLANG_ANALYZER_NONNULL = YES;
				CLANG_ANALYZER_NUMBER_OBJECT_CONVERSION = YES_AGGRESSIVE;
				CLANG_CXX_LANGUAGE_STANDARD = "gnu++17";
				CLANG_ENABLE_MODULES = YES;
				CLANG_ENABLE_OBJC_ARC = YES;
				CLANG_ENABLE_OBJC_WEAK = YES;
				CLANG_WARN_BLOCK_CAPTURE_AUTORELEASING = YES;
				CLANG_WARN_BOOL_CONVERSION = YES;
				CLANG_WARN_COMMA = YES;
				CLANG_WARN_CONSTANT_CONVERSION = YES;
				CLANG_WARN_DEPRECATED_OBJC_IMPLEMENTATIONS = YES;
				CLANG_WARN_DIRECT_OBJC_ISA_USAGE = YES_ERROR;
				CLANG_WARN_DOCUMENTATION_COMMENTS = YES;
				CLANG_WARN_EMPTY_BODY = YES;
				CLANG_WARN_ENUM_CONVERSION = YES;
				CLANG_WARN_INFINITE_RECURSION = YES;
				CLANG_WARN_INT_CONVERSION = YES;
				CLANG_WARN_NON_LITERAL_NULL_CONVERSION = YES;
				CLANG_WARN_OBJC_IMPLICIT_RETAIN_SELF = YES;
				CLANG_WARN_OBJC_LITERAL_CONVERSION = YES;
				CLANG_WARN_OBJC_ROOT_CLASS = YES_ERROR;
				CLANG_WARN_QUOTED_INCLUDE_IN_FRAMEWORK_HEADER = YES;
				CLANG_WARN_RANGE_LOOP_ANALYSIS = YES;
				CLANG_WARN_STRICT_PROTOTYPES = YES;
				CLANG_WARN_SUSPICIOUS_MOVE = YES;
				CLANG_WARN_UNGUARDED_AVAILABILITY = YES_AGGRESSIVE;
				CLANG_WARN_UNREACHABLE_CODE = YES;
				CLANG_WARN__DUPLICATE_METHOD_MATCH = YES;
				COPY_PHASE_STRIP = NO;
				DEBUG_INFORMATION_FORMAT = "dwarf-with-dsym";
				ENABLE_NS_ASSERTIONS = NO;
				ENABLE_STRICT_OBJC_MSGSEND = YES;
				GCC_C_LANGUAGE_STANDARD = gnu11;
				GCC_NO_COMMON_BLOCKS = YES;
				GCC_WARN_64_TO_32_BIT_CONVERSION = YES;
				GCC_WARN_ABOUT_RETURN_TYPE = YES_ERROR;
				GCC_WARN_UNDECLARED_SELECTOR = YES;
				GCC_WARN_UNINITIALIZED_AUTOS = YES_AGGRESSIVE;
				GCC_WARN_UNUSED_FUNCTION = YES;
				GCC_WARN_UNUSED_VARIABLE = YES;
				IPHONEOS_DEPLOYMENT_TARGET = 15.5;
				MTL_ENABLE_DEBUG_INFO = NO;
				MTL_FAST_MATH = YES;
				SDKROOT = iphoneos;
				SWIFT_COMPILATION_MODE = wholemodule;
				SWIFT_OPTIMIZATION_LEVEL = "-O";
				VALIDATE_PRODUCT = YES;
			};
			name = Release;
		};
		0C79ACB22A0C40F8000EAD0C /* Debug */ = {
			isa = XCBuildConfiguration;
			buildSettings = {
				ASSETCATALOG_COMPILER_APPICON_NAME = AppIcon;
				ASSETCATALOG_COMPILER_GLOBAL_ACCENT_COLOR_NAME = AccentColor;
				CODE_SIGN_STYLE = Automatic;
				CURRENT_PROJECT_VERSION = 1;
				DEVELOPMENT_ASSET_PATHS = "\"ExpenseTrackerNew/Preview Content\"";
				ENABLE_PREVIEWS = YES;
				GENERATE_INFOPLIST_FILE = YES;
				INFOPLIST_KEY_UIApplicationSceneManifest_Generation = YES;
				INFOPLIST_KEY_UIApplicationSupportsIndirectInputEvents = YES;
				INFOPLIST_KEY_UILaunchScreen_Generation = YES;
				INFOPLIST_KEY_UISupportedInterfaceOrientations_iPad = "UIInterfaceOrientationPortrait UIInterfaceOrientationPortraitUpsideDown UIInterfaceOrientationLandscapeLeft UIInterfaceOrientationLandscapeRight";
				INFOPLIST_KEY_UISupportedInterfaceOrientations_iPhone = "UIInterfaceOrientationPortrait UIInterfaceOrientationLandscapeLeft UIInterfaceOrientationLandscapeRight";
				IPHONEOS_DEPLOYMENT_TARGET = 15.5;
				LD_RUNPATH_SEARCH_PATHS = (
					"$(inherited)",
					"@executable_path/Frameworks",
				);
				MARKETING_VERSION = 1.0;
				PRODUCT_BUNDLE_IDENTIFIER = com.myOrganization.ExpenseTrackerNew;
				PRODUCT_NAME = "$(TARGET_NAME)";
				SWIFT_EMIT_LOC_STRINGS = YES;
				SWIFT_VERSION = 5.0;
				TARGETED_DEVICE_FAMILY = "1,2";
			};
			name = Debug;
		};
		0C79ACB32A0C40F8000EAD0C /* Release */ = {
			isa = XCBuildConfiguration;
			buildSettings = {
				ASSETCATALOG_COMPILER_APPICON_NAME = AppIcon;
				ASSETCATALOG_COMPILER_GLOBAL_ACCENT_COLOR_NAME = AccentColor;
				CODE_SIGN_STYLE = Automatic;
				CURRENT_PROJECT_VERSION = 1;
				DEVELOPMENT_ASSET_PATHS = "\"ExpenseTrackerNew/Preview Content\"";
				ENABLE_PREVIEWS = YES;
				GENERATE_INFOPLIST_FILE = YES;
				INFOPLIST_KEY_UIApplicationSceneManifest_Generation = YES;
				INFOPLIST_KEY_UIApplicationSupportsIndirectInputEvents = YES;
				INFOPLIST_KEY_UILaunchScreen_Generation = YES;
				INFOPLIST_KEY_UISupportedInterfaceOrientations_iPad = "UIInterfaceOrientationPortrait UIInterfaceOrientationPortraitUpsideDown UIInterfaceOrientationLandscapeLeft UIInterfaceOrientationLandscapeRight";
				INFOPLIST_KEY_UISupportedInterfaceOrientations_iPhone = "UIInterfaceOrientationPortrait UIInterfaceOrientationLandscapeLeft UIInterfaceOrientationLandscapeRight";
				IPHONEOS_DEPLOYMENT_TARGET = 15.5;
				LD_RUNPATH_SEARCH_PATHS = (
					"$(inherited)",
					"@executable_path/Frameworks",
				);
				MARKETING_VERSION = 1.0;
				PRODUCT_BUNDLE_IDENTIFIER = com.myOrganization.ExpenseTrackerNew;
				PRODUCT_NAME = "$(TARGET_NAME)";
				SWIFT_EMIT_LOC_STRINGS = YES;
				SWIFT_VERSION = 5.0;
				TARGETED_DEVICE_FAMILY = "1,2";
			};
			name = Release;
		};
		0C79ACB52A0C40F8000EAD0C /* Debug */ = {
			isa = XCBuildConfiguration;
			buildSettings = {
				ALWAYS_EMBED_SWIFT_STANDARD_LIBRARIES = YES;
				BUNDLE_LOADER = "$(TEST_HOST)";
				CODE_SIGN_STYLE = Automatic;
				CURRENT_PROJECT_VERSION = 1;
				GENERATE_INFOPLIST_FILE = YES;
				IPHONEOS_DEPLOYMENT_TARGET = 15.5;
				MARKETING_VERSION = 1.0;
				PRODUCT_BUNDLE_IDENTIFIER = com.myOrganization.ExpenseTrackerNewTests;
				PRODUCT_NAME = "$(TARGET_NAME)";
				SWIFT_EMIT_LOC_STRINGS = NO;
				SWIFT_VERSION = 5.0;
				TARGETED_DEVICE_FAMILY = "1,2";
				TEST_HOST = "$(BUILT_PRODUCTS_DIR)/ExpenseTrackerNew.app/ExpenseTrackerNew";
			};
			name = Debug;
		};
		0C79ACB62A0C40F8000EAD0C /* Release */ = {
			isa = XCBuildConfiguration;
			buildSettings = {
				ALWAYS_EMBED_SWIFT_STANDARD_LIBRARIES = YES;
				BUNDLE_LOADER = "$(TEST_HOST)";
				CODE_SIGN_STYLE = Automatic;
				CURRENT_PROJECT_VERSION = 1;
				GENERATE_INFOPLIST_FILE = YES;
				IPHONEOS_DEPLOYMENT_TARGET = 15.5;
				MARKETING_VERSION = 1.0;
				PRODUCT_BUNDLE_IDENTIFIER = com.myOrganization.ExpenseTrackerNewTests;
				PRODUCT_NAME = "$(TARGET_NAME)";
				SWIFT_EMIT_LOC_STRINGS = NO;
				SWIFT_VERSION = 5.0;
				TARGETED_DEVICE_FAMILY = "1,2";
				TEST_HOST = "$(BUILT_PRODUCTS_DIR)/ExpenseTrackerNew.app/ExpenseTrackerNew";
			};
			name = Release;
		};
		0C79ACB82A0C40F8000EAD0C /* Debug */ = {
			isa = XCBuildConfiguration;
			buildSettings = {
				ALWAYS_EMBED_SWIFT_STANDARD_LIBRARIES = YES;
				CODE_SIGN_STYLE = Automatic;
				CURRENT_PROJECT_VERSION = 1;
				GENERATE_INFOPLIST_FILE = YES;
				MARKETING_VERSION = 1.0;
				PRODUCT_BUNDLE_IDENTIFIER = com.myOrganization.ExpenseTrackerNewUITests;
				PRODUCT_NAME = "$(TARGET_NAME)";
				SWIFT_EMIT_LOC_STRINGS = NO;
				SWIFT_VERSION = 5.0;
				TARGETED_DEVICE_FAMILY = "1,2";
				TEST_TARGET_NAME = ExpenseTrackerNew;
			};
			name = Debug;
		};
		0C79ACB92A0C40F8000EAD0C /* Release */ = {
			isa = XCBuildConfiguration;
			buildSettings = {
				ALWAYS_EMBED_SWIFT_STANDARD_LIBRARIES = YES;
				CODE_SIGN_STYLE = Automatic;
				CURRENT_PROJECT_VERSION = 1;
				GENERATE_INFOPLIST_FILE = YES;
				MARKETING_VERSION = 1.0;
				PRODUCT_BUNDLE_IDENTIFIER = com.myOrganization.ExpenseTrackerNewUITests;
				PRODUCT_NAME = "$(TARGET_NAME)";
				SWIFT_EMIT_LOC_STRINGS = NO;
				SWIFT_VERSION = 5.0;
				TARGETED_DEVICE_FAMILY = "1,2";
				TEST_TARGET_NAME = ExpenseTrackerNew;
			};
			name = Release;
		};
/* End XCBuildConfiguration section */

/* Begin XCConfigurationList section */
		0C79AC882A0C40F4000EAD0C /* Build configuration list for PBXProject "ExpenseTrackerNew" */ = {
			isa = XCConfigurationList;
			buildConfigurations = (
				0C79ACAF2A0C40F8000EAD0C /* Debug */,
				0C79ACB02A0C40F8000EAD0C /* Release */,
			);
			defaultConfigurationIsVisible = 0;
			defaultConfigurationName = Release;
		};
		0C79ACB12A0C40F8000EAD0C /* Build configuration list for PBXNativeTarget "ExpenseTrackerNew" */ = {
			isa = XCConfigurationList;
			buildConfigurations = (
				0C79ACB22A0C40F8000EAD0C /* Debug */,
				0C79ACB32A0C40F8000EAD0C /* Release */,
			);
			defaultConfigurationIsVisible = 0;
			defaultConfigurationName = Release;
		};
		0C79ACB42A0C40F8000EAD0C /* Build configuration list for PBXNativeTarget "ExpenseTrackerNewTests" */ = {
			isa = XCConfigurationList;
			buildConfigurations = (
				0C79ACB52A0C40F8000EAD0C /* Debug */,
				0C79ACB62A0C40F8000EAD0C /* Release */,
			);
			defaultConfigurationIsVisible = 0;
			defaultConfigurationName = Release;
		};
		0C79ACB72A0C40F8000EAD0C /* Build configuration list for PBXNativeTarget "ExpenseTrackerNewUITests" */ = {
			isa = XCConfigurationList;
			buildConfigurations = (
				0C79ACB82A0C40F8000EAD0C /* Debug */,
				0C79ACB92A0C40F8000EAD0C /* Release */,
			);
			defaultConfigurationIsVisible = 0;
			defaultConfigurationName = Release;
		};
/* End XCConfigurationList section */

/* Begin XCVersionGroup section */
		0C79ACBC2A0C47E1000EAD0C /* Expense.xcdatamodeld */ = {
			isa = XCVersionGroup;
			children = (
				0C79ACBD2A0C47E1000EAD0C /* Expense.xcdatamodel */,
			);
			currentVersion = 0C79ACBD2A0C47E1000EAD0C /* Expense.xcdatamodel */;
			path = Expense.xcdatamodeld;
			sourceTree = "<group>";
			versionGroupType = wrapper.xcdatamodel;
		};
/* End XCVersionGroup section */
	};
	rootObject = 0C79AC852A0C40F4000EAD0C /* Project object */;
}
